
Microsoft Visual Studio Solution File, Format Version 12.00
# Visual Studio 15
VisualStudioVersion = 15.0.26228.12
MinimumVisualStudioVersion = 10.0.40219.1
Project("{FAE04EC0-301F-11D3-BF4B-00C04F79EFBC}") = "VpHotelRoomBooking.Domain", "VpHotelRoomBooking.Domain\VpHotelRoomBooking.Domain.csproj", "{6812A764-421A-46CB-B9C0-056C7687FCD6}"
EndProject
Project("{FAE04EC0-301F-11D3-BF4B-00C04F79EFBC}") = "VpHotelRoomBooking.Data", "VpHotelRoomBooking.Data\VpHotelRoomBooking.Data.csproj", "{93E3BB6F-C867-4B38-A11C-BD11D4BA3891}"
EndProject
Project("{9A19103F-16F7-4668-BE54-9A1E7A4F7556}") = "VpHotelRoomBooking.Api", "VpHotelRoomBooking.Api\VpHotelRoomBooking.Api.csproj", "{777F6E04-B72A-4A69-AAE4-1FA5D4C9AE57}"
EndProject
Project("{FAE04EC0-301F-11D3-BF4B-00C04F79EFBC}") = "VpHotelRoomBooking.Services", "VpHotelRoomBooking.Services\VpHotelRoomBooking.Services.csproj", "{FB1C8C9D-2B97-4FD7-997A-17F811800781}"
EndProject
Project("{FAE04EC0-301F-11D3-BF4B-00C04F79EFBC}") = "VpHotelRoomBooking.Tests", "VpHotelRoomBooking.Tests\VpHotelRoomBooking.Tests.csproj", "{A53EDD90-305E-4417-8071-46AF87B031C5}"
EndProject
Global
	GlobalSection(SolutionConfigurationPlatforms) = preSolution
		Debug|Any CPU = Debug|Any CPU
		Release|Any CPU = Release|Any CPU
	EndGlobalSection
	GlobalSection(ProjectConfigurationPlatforms) = postSolution
		{6812A764-421A-46CB-B9C0-056C7687FCD6}.Debug|Any CPU.ActiveCfg = Debug|Any CPU
		{6812A764-421A-46CB-B9C0-056C7687FCD6}.Debug|Any CPU.Build.0 = Debug|Any CPU
		{6812A764-421A-46CB-B9C0-056C7687FCD6}.Release|Any CPU.ActiveCfg = Release|Any CPU
		{6812A764-421A-46CB-B9C0-056C7687FCD6}.Release|Any CPU.Build.0 = Release|Any CPU
		{93E3BB6F-C867-4B38-A11C-BD11D4BA3891}.Debug|Any CPU.ActiveCfg = Debug|Any CPU
		{93E3BB6F-C867-4B38-A11C-BD11D4BA3891}.Debug|Any CPU.Build.0 = Debug|Any CPU
		{93E3BB6F-C867-4B38-A11C-BD11D4BA3891}.Release|Any CPU.ActiveCfg = Release|Any CPU
		{93E3BB6F-C867-4B38-A11C-BD11D4BA3891}.Release|Any CPU.Build.0 = Release|Any CPU
		{777F6E04-B72A-4A69-AAE4-1FA5D4C9AE57}.Debug|Any CPU.ActiveCfg = Debug|Any CPU
		{777F6E04-B72A-4A69-AAE4-1FA5D4C9AE57}.Debug|Any CPU.Build.0 = Debug|Any CPU
		{777F6E04-B72A-4A69-AAE4-1FA5D4C9AE57}.Release|Any CPU.ActiveCfg = Release|Any CPU
		{777F6E04-B72A-4A69-AAE4-1FA5D4C9AE57}.Release|Any CPU.Build.0 = Release|Any CPU
		{FB1C8C9D-2B97-4FD7-997A-17F811800781}.Debug|Any CPU.ActiveCfg = Debug|Any CPU
		{FB1C8C9D-2B97-4FD7-997A-17F811800781}.Debug|Any CPU.Build.0 = Debug|Any CPU
		{FB1C8C9D-2B97-4FD7-997A-17F811800781}.Release|Any CPU.ActiveCfg = Release|Any CPU
		{FB1C8C9D-2B97-4FD7-997A-17F811800781}.Release|Any CPU.Build.0 = Release|Any CPU
		{A53EDD90-305E-4417-8071-46AF87B031C5}.Debug|Any CPU.ActiveCfg = Debug|Any CPU
		{A53EDD90-305E-4417-8071-46AF87B031C5}.Debug|Any CPU.Build.0 = Debug|Any CPU
		{A53EDD90-305E-4417-8071-46AF87B031C5}.Release|Any CPU.ActiveCfg = Release|Any CPU
		{A53EDD90-305E-4417-8071-46AF87B031C5}.Release|Any CPU.Build.0 = Release|Any CPU
	EndGlobalSection
	GlobalSection(SolutionProperties) = preSolution
		HideSolutionNode = FALSE
	EndGlobalSection
EndGlobal
